// !$*UTF8*$!
{
	archiveVersion = 1;
	classes = {
	};
	objectVersion = 46;
	objects = {

/* Begin PBXBuildFile section */
		3414D72E1D81993B00878CE8 /* AppDelegate.swift in Sources */ = {isa = PBXBuildFile; fileRef = 3414D72D1D81993B00878CE8 /* AppDelegate.swift */; };
		3414D7301D81993B00878CE8 /* ViewController.swift in Sources */ = {isa = PBXBuildFile; fileRef = 3414D72F1D81993B00878CE8 /* ViewController.swift */; };
		3414D7331D81993B00878CE8 /* Main.storyboard in Resources */ = {isa = PBXBuildFile; fileRef = 3414D7311D81993B00878CE8 /* Main.storyboard */; };
		3414D7351D81993B00878CE8 /* Assets.xcassets in Resources */ = {isa = PBXBuildFile; fileRef = 3414D7341D81993B00878CE8 /* Assets.xcassets */; };
		3414D7381D81993B00878CE8 /* LaunchScreen.storyboard in Resources */ = {isa = PBXBuildFile; fileRef = 3414D7361D81993B00878CE8 /* LaunchScreen.storyboard */; };
		3414D7431D81993B00878CE8 /* MoveitTests.swift in Sources */ = {isa = PBXBuildFile; fileRef = 3414D7421D81993B00878CE8 /* MoveitTests.swift */; };
		3414D74E1D81993B00878CE8 /* MoveitUITests.swift in Sources */ = {isa = PBXBuildFile; fileRef = 3414D74D1D81993B00878CE8 /* MoveitUITests.swift */; };
		3414D75C1D81A33600878CE8 /* RegisterPageViewController.swift in Sources */ = {isa = PBXBuildFile; fileRef = 3414D75B1D81A33600878CE8 /* RegisterPageViewController.swift */; };
		3448EF0E1D853DE900AED922 /* LoginPageViewController.swift in Sources */ = {isa = PBXBuildFile; fileRef = 3448EF0D1D853DE900AED922 /* LoginPageViewController.swift */; };
/* End PBXBuildFile section */

/* Begin PBXContainerItemProxy section */
		3414D73F1D81993B00878CE8 /* PBXContainerItemProxy */ = {
			isa = PBXContainerItemProxy;
			containerPortal = 3414D7221D81993B00878CE8 /* Project object */;
			proxyType = 1;
			remoteGlobalIDString = 3414D7291D81993B00878CE8;
			remoteInfo = Moveit;
		};
		3414D74A1D81993B00878CE8 /* PBXContainerItemProxy */ = {
			isa = PBXContainerItemProxy;
			containerPortal = 3414D7221D81993B00878CE8 /* Project object */;
			proxyType = 1;
			remoteGlobalIDString = 3414D7291D81993B00878CE8;
			remoteInfo = Moveit;
		};
/* End PBXContainerItemProxy section */

/* Begin PBXFileReference section */
		3414D72A1D81993B00878CE8 /* Moveit.app */ = {isa = PBXFileReference; explicitFileType = wrapper.application; includeInIndex = 0; path = Moveit.app; sourceTree = BUILT_PRODUCTS_DIR; };
		3414D72D1D81993B00878CE8 /* AppDelegate.swift */ = {isa = PBXFileReference; lastKnownFileType = sourcecode.swift; path = AppDelegate.swift; sourceTree = "<group>"; };
		3414D72F1D81993B00878CE8 /* ViewController.swift */ = {isa = PBXFileReference; lastKnownFileType = sourcecode.swift; path = ViewController.swift; sourceTree = "<group>"; };
		3414D7321D81993B00878CE8 /* Base */ = {isa = PBXFileReference; lastKnownFileType = file.storyboard; name = Base; path = Base.lproj/Main.storyboard; sourceTree = "<group>"; };
		3414D7341D81993B00878CE8 /* Assets.xcassets */ = {isa = PBXFileReference; lastKnownFileType = folder.assetcatalog; path = Assets.xcassets; sourceTree = "<group>"; };
		3414D7371D81993B00878CE8 /* Base */ = {isa = PBXFileReference; lastKnownFileType = file.storyboard; name = Base; path = Base.lproj/LaunchScreen.storyboard; sourceTree = "<group>"; };
		3414D7391D81993B00878CE8 /* Info.plist */ = {isa = PBXFileReference; lastKnownFileType = text.plist.xml; path = Info.plist; sourceTree = "<group>"; };
		3414D73E1D81993B00878CE8 /* MoveitTests.xctest */ = {isa = PBXFileReference; explicitFileType = wrapper.cfbundle; includeInIndex = 0; path = MoveitTests.xctest; sourceTree = BUILT_PRODUCTS_DIR; };
		3414D7421D81993B00878CE8 /* MoveitTests.swift */ = {isa = PBXFileReference; lastKnownFileType = sourcecode.swift; path = MoveitTests.swift; sourceTree = "<group>"; };
		3414D7441D81993B00878CE8 /* Info.plist */ = {isa = PBXFileReference; lastKnownFileType = text.plist.xml; path = Info.plist; sourceTree = "<group>"; };
		3414D7491D81993B00878CE8 /* MoveitUITests.xctest */ = {isa = PBXFileReference; explicitFileType = wrapper.cfbundle; includeInIndex = 0; path = MoveitUITests.xctest; sourceTree = BUILT_PRODUCTS_DIR; };
		3414D74D1D81993B00878CE8 /* MoveitUITests.swift */ = {isa = PBXFileReference; lastKnownFileType = sourcecode.swift; path = MoveitUITests.swift; sourceTree = "<group>"; };
		3414D74F1D81993B00878CE8 /* Info.plist */ = {isa = PBXFileReference; lastKnownFileType = text.plist.xml; path = Info.plist; sourceTree = "<group>"; };
		3414D75B1D81A33600878CE8 /* RegisterPageViewController.swift */ = {isa = PBXFileReference; fileEncoding = 4; lastKnownFileType = sourcecode.swift; path = RegisterPageViewController.swift; sourceTree = "<group>"; };
		3448EF0D1D853DE900AED922 /* LoginPageViewController.swift */ = {isa = PBXFileReference; fileEncoding = 4; lastKnownFileType = sourcecode.swift; path = LoginPageViewController.swift; sourceTree = "<group>"; };
/* End PBXFileReference section */

/* Begin PBXFrameworksBuildPhase section */
		3414D7271D81993B00878CE8 /* Frameworks */ = {
			isa = PBXFrameworksBuildPhase;
			buildActionMask = 2147483647;
			files = (
			);
			runOnlyForDeploymentPostprocessing = 0;
		};
		3414D73B1D81993B00878CE8 /* Frameworks */ = {
			isa = PBXFrameworksBuildPhase;
			buildActionMask = 2147483647;
			files = (
			);
			runOnlyForDeploymentPostprocessing = 0;
		};
		3414D7461D81993B00878CE8 /* Frameworks */ = {
			isa = PBXFrameworksBuildPhase;
			buildActionMask = 2147483647;
			files = (
			);
			runOnlyForDeploymentPostprocessing = 0;
		};
/* End PBXFrameworksBuildPhase section */

/* Begin PBXGroup section */
		3414D7211D81993B00878CE8 = {
			isa = PBXGroup;
			children = (
				3414D72C1D81993B00878CE8 /* UserLoginandRegistration */,
				3414D7411D81993B00878CE8 /* MoveitTests */,
				3414D74C1D81993B00878CE8 /* MoveitUITests */,
				3414D72B1D81993B00878CE8 /* Products */,
			);
			sourceTree = "<group>";
		};
		3414D72B1D81993B00878CE8 /* Products */ = {
			isa = PBXGroup;
			children = (
				3414D72A1D81993B00878CE8 /* Moveit.app */,
				3414D73E1D81993B00878CE8 /* MoveitTests.xctest */,
				3414D7491D81993B00878CE8 /* MoveitUITests.xctest */,
			);
			name = Products;
			sourceTree = "<group>";
		};
		3414D72C1D81993B00878CE8 /* UserLoginandRegistration */ = {
			isa = PBXGroup;
			children = (
				3414D72D1D81993B00878CE8 /* AppDelegate.swift */,
				3414D72F1D81993B00878CE8 /* ViewController.swift */,
				3414D7311D81993B00878CE8 /* Main.storyboard */,
				3414D7341D81993B00878CE8 /* Assets.xcassets */,
				3414D7361D81993B00878CE8 /* LaunchScreen.storyboard */,
				3414D7391D81993B00878CE8 /* Info.plist */,
				3414D75B1D81A33600878CE8 /* RegisterPageViewController.swift */,
				3448EF0D1D853DE900AED922 /* LoginPageViewController.swift */,
			);
			name = UserLoginandRegistration;
			path = Moveit;
			sourceTree = "<group>";
		};
		3414D7411D81993B00878CE8 /* MoveitTests */ = {
			isa = PBXGroup;
			children = (
				3414D7421D81993B00878CE8 /* MoveitTests.swift */,
				3414D7441D81993B00878CE8 /* Info.plist */,
			);
			path = MoveitTests;
			sourceTree = "<group>";
		};
		3414D74C1D81993B00878CE8 /* MoveitUITests */ = {
			isa = PBXGroup;
			children = (
				3414D74D1D81993B00878CE8 /* MoveitUITests.swift */,
				3414D74F1D81993B00878CE8 /* Info.plist */,
			);
			path = MoveitUITests;
			sourceTree = "<group>";
		};
/* End PBXGroup section */

/* Begin PBXNativeTarget section */
		3414D7291D81993B00878CE8 /* Moveit */ = {
			isa = PBXNativeTarget;
			buildConfigurationList = 3414D7521D81993B00878CE8 /* Build configuration list for PBXNativeTarget "Moveit" */;
			buildPhases = (
				3414D7261D81993B00878CE8 /* Sources */,
				3414D7271D81993B00878CE8 /* Frameworks */,
				3414D7281D81993B00878CE8 /* Resources */,
			);
			buildRules = (
			);
			dependencies = (
			);
			name = Moveit;
			productName = Moveit;
			productReference = 3414D72A1D81993B00878CE8 /* Moveit.app */;
			productType = "com.apple.product-type.application";
		};
		3414D73D1D81993B00878CE8 /* MoveitTests */ = {
			isa = PBXNativeTarget;
			buildConfigurationList = 3414D7551D81993B00878CE8 /* Build configuration list for PBXNativeTarget "MoveitTests" */;
			buildPhases = (
				3414D73A1D81993B00878CE8 /* Sources */,
				3414D73B1D81993B00878CE8 /* Frameworks */,
				3414D73C1D81993B00878CE8 /* Resources */,
			);
			buildRules = (
			);
			dependencies = (
				3414D7401D81993B00878CE8 /* PBXTargetDependency */,
			);
			name = MoveitTests;
			productName = MoveitTests;
			productReference = 3414D73E1D81993B00878CE8 /* MoveitTests.xctest */;
			productType = "com.apple.product-type.bundle.unit-test";
		};
		3414D7481D81993B00878CE8 /* MoveitUITests */ = {
			isa = PBXNativeTarget;
			buildConfigurationList = 3414D7581D81993B00878CE8 /* Build configuration list for PBXNativeTarget "MoveitUITests" */;
			buildPhases = (
				3414D7451D81993B00878CE8 /* Sources */,
				3414D7461D81993B00878CE8 /* Frameworks */,
				3414D7471D81993B00878CE8 /* Resources */,
			);
			buildRules = (
			);
			dependencies = (
				3414D74B1D81993B00878CE8 /* PBXTargetDependency */,
			);
			name = MoveitUITests;
			productName = MoveitUITests;
			productReference = 3414D7491D81993B00878CE8 /* MoveitUITests.xctest */;
			productType = "com.apple.product-type.bundle.ui-testing";
		};
/* End PBXNativeTarget section */

/* Begin PBXProject section */
		3414D7221D81993B00878CE8 /* Project object */ = {
			isa = PBXProject;
			attributes = {
				LastSwiftUpdateCheck = 0730;
				LastUpgradeCheck = 0730;
				ORGANIZATIONNAME = "Kenny Ho";
				TargetAttributes = {
					3414D7291D81993B00878CE8 = {
						CreatedOnToolsVersion = 7.3.1;
					};
					3414D73D1D81993B00878CE8 = {
						CreatedOnToolsVersion = 7.3.1;
						TestTargetID = 3414D7291D81993B00878CE8;
					};
					3414D7481D81993B00878CE8 = {
						CreatedOnToolsVersion = 7.3.1;
						TestTargetID = 3414D7291D81993B00878CE8;
					};
				};
			};
			buildConfigurationList = 3414D7251D81993B00878CE8 /* Build configuration list for PBXProject "Moveit" */;
			compatibilityVersion = "Xcode 3.2";
			developmentRegion = English;
			hasScannedForEncodings = 0;
			knownRegions = (
				en,
				Base,
			);
			mainGroup = 3414D7211D81993B00878CE8;
			productRefGroup = 3414D72B1D81993B00878CE8 /* Products */;
			projectDirPath = "";
			projectRoot = "";
			targets = (
				3414D7291D81993B00878CE8 /* Moveit */,
				3414D73D1D81993B00878CE8 /* MoveitTests */,
				3414D7481D81993B00878CE8 /* MoveitUITests */,
			);
		};
/* End PBXProject section */

/* Begin PBXResourcesBuildPhase section */
		3414D7281D81993B00878CE8 /* Resources */ = {
			isa = PBXResourcesBuildPhase;
			buildActionMask = 2147483647;
			files = (
				3414D7381D81993B00878CE8 /* LaunchScreen.storyboard in Resources */,
				3414D7351D81993B00878CE8 /* Assets.xcassets in Resources */,
				3414D7331D81993B00878CE8 /* Main.storyboard in Resources */,
			);
			runOnlyForDeploymentPostprocessing = 0;
		};
		3414D73C1D81993B00878CE8 /* Resources */ = {
			isa = PBXResourcesBuildPhase;
			buildActionMask = 2147483647;
			files = (
			);
			runOnlyForDeploymentPostprocessing = 0;
		};
		3414D7471D81993B00878CE8 /* Resources */ = {
			isa = PBXResourcesBuildPhase;
			buildActionMask = 2147483647;
			files = (
			);
			runOnlyForDeploymentPostprocessing = 0;
		};
/* End PBXResourcesBuildPhase section */

/* Begin PBXSourcesBuildPhase section */
		3414D7261D81993B00878CE8 /* Sources */ = {
			isa = PBXSourcesBuildPhase;
			buildActionMask = 2147483647;
			files = (
				3414D7301D81993B00878CE8 /* ViewController.swift in Sources */,
				3448EF0E1D853DE900AED922 /* LoginPageViewController.swift in Sources */,
				3414D72E1D81993B00878CE8 /* AppDelegate.swift in Sources */,
				3414D75C1D81A33600878CE8 /* RegisterPageViewController.swift in Sources */,
			);
			runOnlyForDeploymentPostprocessing = 0;
		};
		3414D73A1D81993B00878CE8 /* Sources */ = {
			isa = PBXSourcesBuildPhase;
			buildActionMask = 2147483647;
			files = (
				3414D7431D81993B00878CE8 /* MoveitTests.swift in Sources */,
			);
			runOnlyForDeploymentPostprocessing = 0;
		};
		3414D7451D81993B00878CE8 /* Sources */ = {
			isa = PBXSourcesBuildPhase;
			buildActionMask = 2147483647;
			files = (
				3414D74E1D81993B00878CE8 /* MoveitUITests.swift in Sources */,
			);
			runOnlyForDeploymentPostprocessing = 0;
		};
/* End PBXSourcesBuildPhase section */

/* Begin PBXTargetDependency section */
		3414D7401D81993B00878CE8 /* PBXTargetDependency */ = {
			isa = PBXTargetDependency;
			target = 3414D7291D81993B00878CE8 /* Moveit */;
			targetProxy = 3414D73F1D81993B00878CE8 /* PBXContainerItemProxy */;
		};
		3414D74B1D81993B00878CE8 /* PBXTargetDependency */ = {
			isa = PBXTargetDependency;
			target = 3414D7291D81993B00878CE8 /* Moveit */;
			targetProxy = 3414D74A1D81993B00878CE8 /* PBXContainerItemProxy */;
		};
/* End PBXTargetDependency section */

/* Begin PBXVariantGroup section */
		3414D7311D81993B00878CE8 /* Main.storyboard */ = {
			isa = PBXVariantGroup;
			children = (
				3414D7321D81993B00878CE8 /* Base */,
			);
			name = Main.storyboard;
			sourceTree = "<group>";
		};
		3414D7361D81993B00878CE8 /* LaunchScreen.storyboard */ = {
			isa = PBXVariantGroup;
			children = (
				3414D7371D81993B00878CE8 /* Base */,
			);
			name = LaunchScreen.storyboard;
			sourceTree = "<group>";
		};
/* End PBXVariantGroup section */

/* Begin XCBuildConfiguration section */
		3414D7501D81993B00878CE8 /* Debug */ = {
			isa = XCBuildConfiguration;
			buildSettings = {
				ALWAYS_SEARCH_USER_PATHS = NO;
				CLANG_ANALYZER_NONNULL = YES;
				CLANG_CXX_LANGUAGE_STANDARD = "gnu++0x";
				CLANG_CXX_LIBRARY = "libc++";
				CLANG_ENABLE_MODULES = YES;
				CLANG_ENABLE_OBJC_ARC = YES;
				CLANG_WARN_BOOL_CONVERSION = YES;
				CLANG_WARN_CONSTANT_CONVERSION = YES;
				CLANG_WARN_DIRECT_OBJC_ISA_USAGE = YES_ERROR;
				CLANG_WARN_EMPTY_BODY = YES;
				CLANG_WARN_ENUM_CONVERSION = YES;
				CLANG_WARN_INT_CONVERSION = YES;
				CLANG_WARN_OBJC_ROOT_CLASS = YES_ERROR;
				CLANG_WARN_UNREACHABLE_CODE = YES;
				CLANG_WARN__DUPLICATE_METHOD_MATCH = YES;
				"CODE_SIGN_IDENTITY[sdk=iphoneos*]" = "iPhone Developer";
				COPY_PHASE_STRIP = NO;
				DEBUG_INFORMATION_FORMAT = dwarf;
				ENABLE_STRICT_OBJC_MSGSEND = YES;
				ENABLE_TESTABILITY = YES;
				GCC_C_LANGUAGE_STANDARD = gnu99;
				GCC_DYNAMIC_NO_PIC = NO;
				GCC_NO_COMMON_BLOCKS = YES;
				GCC_OPTIMIZATION_LEVEL = 0;
				GCC_PREPROCESSOR_DEFINITIONS = (
					"DEBUG=1",
					"$(inherited)",
				);
				GCC_WARN_64_TO_32_BIT_CONVERSION = YES;
				GCC_WARN_ABOUT_RETURN_TYPE = YES_ERROR;
				GCC_WARN_UNDECLARED_SELECTOR = YES;
				GCC_WARN_UNINITIALIZED_AUTOS = YES_AGGRESSIVE;
				GCC_WARN_UNUSED_FUNCTION = YES;
				GCC_WARN_UNUSED_VARIABLE = YES;
				IPHONEOS_DEPLOYMENT_TARGET = 9.3;
				MTL_ENABLE_DEBUG_INFO = YES;
				ONLY_ACTIVE_ARCH = YES;
				SDKROOT = iphoneos;
				SWIFT_OPTIMIZATION_LEVEL = "-Onone";
			};
			name = Debug;
		};
		3414D7511D81993B00878CE8 /* Release */ = {
			isa = XCBuildConfiguration;
			buildSettings = {
				ALWAYS_SEARCH_USER_PATHS = NO;
				CLANG_ANALYZER_NONNULL = YES;
				CLANG_CXX_LANGUAGE_STANDARD = "gnu++0x";
				CLANG_CXX_LIBRARY = "libc++";
				CLANG_ENABLE_MODULES = YES;
				CLANG_ENABLE_OBJC_ARC = YES;
				CLANG_WARN_BOOL_CONVERSION = YES;
				CLANG_WARN_CONSTANT_CONVERSION = YES;
				CLANG_WARN_DIRECT_OBJC_ISA_USAGE = YES_ERROR;
				CLANG_WARN_EMPTY_BODY = YES;
				CLANG_WARN_ENUM_CONVERSION = YES;
				CLANG_WARN_INT_CONVERSION = YES;
				CLANG_WARN_OBJC_ROOT_CLASS = YES_ERROR;
				CLANG_WARN_UNREACHABLE_CODE = YES;
				CLANG_WARN__DUPLICATE_METHOD_MATCH = YES;
				"CODE_SIGN_IDENTITY[sdk=iphoneos*]" = "iPhone Developer";
				COPY_PHASE_STRIP = NO;
				DEBUG_INFORMATION_FORMAT = "dwarf-with-dsym";
				ENABLE_NS_ASSERTIONS = NO;
				ENABLE_STRICT_OBJC_MSGSEND = YES;
				GCC_C_LANGUAGE_STANDARD = gnu99;
				GCC_NO_COMMON_BLOCKS = YES;
				GCC_WARN_64_TO_32_BIT_CONVERSION = YES;
				GCC_WARN_ABOUT_RETURN_TYPE = YES_ERROR;
				GCC_WARN_UNDECLARED_SELECTOR = YES;
				GCC_WARN_UNINITIALIZED_AUTOS = YES_AGGRESSIVE;
				GCC_WARN_UNUSED_FUNCTION = YES;
				GCC_WARN_UNUSED_VARIABLE = YES;
				IPHONEOS_DEPLOYMENT_TARGET = 9.3;
				MTL_ENABLE_DEBUG_INFO = NO;
				SDKROOT = iphoneos;
				VALIDATE_PRODUCT = YES;
			};
			name = Release;
		};
		3414D7531D81993B00878CE8 /* Debug */ = {
			isa = XCBuildConfiguration;
			buildSettings = {
				ASSETCATALOG_COMPILER_APPICON_NAME = AppIcon;
				INFOPLIST_FILE = Moveit/Info.plist;
				LD_RUNPATH_SEARCH_PATHS = "$(inherited) @executable_path/Frameworks";
				PRODUCT_BUNDLE_IDENTIFIER = hkenny.Moveit;
				PRODUCT_NAME = "$(TARGET_NAME)";
			};
			name = Debug;
		};
		3414D7541D81993B00878CE8 /* Release */ = {
			isa = XCBuildConfiguration;
			buildSettings = {
				ASSETCATALOG_COMPILER_APPICON_NAME = AppIcon;
				INFOPLIST_FILE = Moveit/Info.plist;
				LD_RUNPATH_SEARCH_PATHS = "$(inherited) @executable_path/Frameworks";
				PRODUCT_BUNDLE_IDENTIFIER = hkenny.Moveit;
				PRODUCT_NAME = "$(TARGET_NAME)";
			};
			name = Release;
		};
		3414D7561D81993B00878CE8 /* Debug */ = {
			isa = XCBuildConfiguration;
			buildSettings = {
				BUNDLE_LOADER = "$(TEST_HOST)";
				INFOPLIST_FILE = MoveitTests/Info.plist;
				LD_RUNPATH_SEARCH_PATHS = "$(inherited) @executable_path/Frameworks @loader_path/Frameworks";
				PRODUCT_BUNDLE_IDENTIFIER = hkenny.MoveitTests;
				PRODUCT_NAME = "$(TARGET_NAME)";
				TEST_HOST = "$(BUILT_PRODUCTS_DIR)/Moveit.app/Moveit";
			};
			name = Debug;
		};
		3414D7571D81993B00878CE8 /* Release */ = {
			isa = XCBuildConfiguration;
			buildSettings = {
				BUNDLE_LOADER = "$(TEST_HOST)";
				INFOPLIST_FILE = MoveitTests/Info.plist;
				LD_RUNPATH_SEARCH_PATHS = "$(inherited) @executable_path/Frameworks @loader_path/Frameworks";
				PRODUCT_BUNDLE_IDENTIFIER = hkenny.MoveitTests;
				PRODUCT_NAME = "$(TARGET_NAME)";
				TEST_HOST = "$(BUILT_PRODUCTS_DIR)/Moveit.app/Moveit";
			};
			name = Release;
		};
		3414D7591D81993B00878CE8 /* Debug */ = {
			isa = XCBuildConfiguration;
			buildSettings = {
				INFOPLIST_FILE = MoveitUITests/Info.plist;
				LD_RUNPATH_SEARCH_PATHS = "$(inherited) @executable_path/Frameworks @loader_path/Frameworks";
				PRODUCT_BUNDLE_IDENTIFIER = hkenny.MoveitUITests;
				PRODUCT_NAME = "$(TARGET_NAME)";
				TEST_TARGET_NAME = Moveit;
			};
			name = Debug;
		};
		3414D75A1D81993B00878CE8 /* Release */ = {
			isa = XCBuildConfiguration;
			buildSettings = {
				INFOPLIST_FILE = MoveitUITests/Info.plist;
				LD_RUNPATH_SEARCH_PATHS = "$(inherited) @executable_path/Frameworks @loader_path/Frameworks";
				PRODUCT_BUNDLE_IDENTIFIER = hkenny.MoveitUITests;
				PRODUCT_NAME = "$(TARGET_NAME)";
				TEST_TARGET_NAME = Moveit;
			};
			name = Release;
		};
/* End XCBuildConfiguration section */

/* Begin XCConfigurationList section */
		3414D7251D81993B00878CE8 /* Build configuration list for PBXProject "Moveit" */ = {
			isa = XCConfigurationList;
			buildConfigurations = (
				3414D7501D81993B00878CE8 /* Debug */,
				3414D7511D81993B00878CE8 /* Release */,
			);
			defaultConfigurationIsVisible = 0;
			defaultConfigurationName = Release;
		};
		3414D7521D81993B00878CE8 /* Build configuration list for PBXNativeTarget "Moveit" */ = {
			isa = XCConfigurationList;
			buildConfigurations = (
				3414D7531D81993B00878CE8 /* Debug */,
				3414D7541D81993B00878CE8 /* Release */,
			);
			defaultConfigurationIsVisible = 0;
			defaultConfigurationName = Release;
		};
		3414D7551D81993B00878CE8 /* Build configuration list for PBXNativeTarget "MoveitTests" */ = {
			isa = XCConfigurationList;
			buildConfigurations = (
				3414D7561D81993B00878CE8 /* Debug */,
				3414D7571D81993B00878CE8 /* Release */,
			);
			defaultConfigurationIsVisible = 0;
			defaultConfigurationName = Release;
		};
		3414D7581D81993B00878CE8 /* Build configuration list for PBXNativeTarget "MoveitUITests" */ = {
			isa = XCConfigurationList;
			buildConfigurations = (
				3414D7591D81993B00878CE8 /* Debug */,
				3414D75A1D81993B00878CE8 /* Release */,
			);
			defaultConfigurationIsVisible = 0;
			defaultConfigurationName = Release;
		};
/* End XCConfigurationList section */
	};
	rootObject = 3414D7221D81993B00878CE8 /* Project object */;
}
